
Microsoft Visual Studio Solution File, Format Version 12.00
# Visual Studio 14
VisualStudioVersion = 14.0.25420.1
MinimumVisualStudioVersion = 10.0.40219.1
Project("{FAE04EC0-301F-11D3-BF4B-00C04F79EFBC}") = "ICSMobile", "ICSMobile\ICSMobile.csproj", "{9471BEDC-0BDB-4C98-AE5E-9EFB45BF12F0}"
EndProject
Project("{FAE04EC0-301F-11D3-BF4B-00C04F79EFBC}") = "ICSFrontEnd", "ICSFrontEnd\ICSFrontEnd.csproj", "{330E51AD-61DF-43EC-B73F-4E3DBC571909}"
EndProject
Project("{FAE04EC0-301F-11D3-BF4B-00C04F79EFBC}") = "DAL", "DAL\DAL.csproj", "{DE23E8CB-13DC-4D8E-BA45-1EEA25C33F6D}"
EndProject
Project("{FAE04EC0-301F-11D3-BF4B-00C04F79EFBC}") = "BL", "BL\BL.csproj", "{BF00E160-E0B8-44FC-8DFF-F1E1556F0894}"
EndProject
Project("{FAE04EC0-301F-11D3-BF4B-00C04F79EFBC}") = "Domain", "Domain\Domain.csproj", "{56FDA774-D80B-4337-938E-43749CA1560D}"
EndProject
Global
	GlobalSection(SolutionConfigurationPlatforms) = preSolution
		Debug|Any CPU = Debug|Any CPU
		Debug|ARM = Debug|ARM
		Debug|x64 = Debug|x64
		Debug|x86 = Debug|x86
		Release|Any CPU = Release|Any CPU
		Release|ARM = Release|ARM
		Release|x64 = Release|x64
		Release|x86 = Release|x86
	EndGlobalSection
	GlobalSection(ProjectConfigurationPlatforms) = postSolution
		{9471BEDC-0BDB-4C98-AE5E-9EFB45BF12F0}.Debug|Any CPU.ActiveCfg = Debug|x86
		{9471BEDC-0BDB-4C98-AE5E-9EFB45BF12F0}.Debug|ARM.ActiveCfg = Debug|ARM
		{9471BEDC-0BDB-4C98-AE5E-9EFB45BF12F0}.Debug|ARM.Build.0 = Debug|ARM
		{9471BEDC-0BDB-4C98-AE5E-9EFB45BF12F0}.Debug|ARM.Deploy.0 = Debug|ARM
		{9471BEDC-0BDB-4C98-AE5E-9EFB45BF12F0}.Debug|x64.ActiveCfg = Debug|x64
		{9471BEDC-0BDB-4C98-AE5E-9EFB45BF12F0}.Debug|x64.Build.0 = Debug|x64
		{9471BEDC-0BDB-4C98-AE5E-9EFB45BF12F0}.Debug|x64.Deploy.0 = Debug|x64
		{9471BEDC-0BDB-4C98-AE5E-9EFB45BF12F0}.Debug|x86.ActiveCfg = Debug|x86
		{9471BEDC-0BDB-4C98-AE5E-9EFB45BF12F0}.Debug|x86.Build.0 = Debug|x86
		{9471BEDC-0BDB-4C98-AE5E-9EFB45BF12F0}.Debug|x86.Deploy.0 = Debug|x86
		{9471BEDC-0BDB-4C98-AE5E-9EFB45BF12F0}.Release|Any CPU.ActiveCfg = Release|x86
		{9471BEDC-0BDB-4C98-AE5E-9EFB45BF12F0}.Release|ARM.ActiveCfg = Release|ARM
		{9471BEDC-0BDB-4C98-AE5E-9EFB45BF12F0}.Release|ARM.Build.0 = Release|ARM
		{9471BEDC-0BDB-4C98-AE5E-9EFB45BF12F0}.Release|ARM.Deploy.0 = Release|ARM
		{9471BEDC-0BDB-4C98-AE5E-9EFB45BF12F0}.Release|x64.ActiveCfg = Release|x64
		{9471BEDC-0BDB-4C98-AE5E-9EFB45BF12F0}.Release|x64.Build.0 = Release|x64
		{9471BEDC-0BDB-4C98-AE5E-9EFB45BF12F0}.Release|x64.Deploy.0 = Release|x64
		{9471BEDC-0BDB-4C98-AE5E-9EFB45BF12F0}.Release|x86.ActiveCfg = Release|x86
		{9471BEDC-0BDB-4C98-AE5E-9EFB45BF12F0}.Release|x86.Build.0 = Release|x86
		{9471BEDC-0BDB-4C98-AE5E-9EFB45BF12F0}.Release|x86.Deploy.0 = Release|x86
		{330E51AD-61DF-43EC-B73F-4E3DBC571909}.Debug|Any CPU.ActiveCfg = Debug|Any CPU
		{330E51AD-61DF-43EC-B73F-4E3DBC571909}.Debug|Any CPU.Build.0 = Debug|Any CPU
		{330E51AD-61DF-43EC-B73F-4E3DBC571909}.Debug|ARM.ActiveCfg = Debug|Any CPU
		{330E51AD-61DF-43EC-B73F-4E3DBC571909}.Debug|ARM.Build.0 = Debug|Any CPU
		{330E51AD-61DF-43EC-B73F-4E3DBC571909}.Debug|x64.ActiveCfg = Debug|Any CPU
		{330E51AD-61DF-43EC-B73F-4E3DBC571909}.Debug|x64.Build.0 = Debug|Any CPU
		{330E51AD-61DF-43EC-B73F-4E3DBC571909}.Debug|x86.ActiveCfg = Debug|Any CPU
		{330E51AD-61DF-43EC-B73F-4E3DBC571909}.Debug|x86.Build.0 = Debug|Any CPU
		{330E51AD-61DF-43EC-B73F-4E3DBC571909}.Release|Any CPU.ActiveCfg = Release|Any CPU
		{330E51AD-61DF-43EC-B73F-4E3DBC571909}.Release|Any CPU.Build.0 = Release|Any CPU
		{330E51AD-61DF-43EC-B73F-4E3DBC571909}.Release|ARM.ActiveCfg = Release|Any CPU
		{330E51AD-61DF-43EC-B73F-4E3DBC571909}.Release|ARM.Build.0 = Release|Any CPU
		{330E51AD-61DF-43EC-B73F-4E3DBC571909}.Release|x64.ActiveCfg = Release|Any CPU
		{330E51AD-61DF-43EC-B73F-4E3DBC571909}.Release|x64.Build.0 = Release|Any CPU
		{330E51AD-61DF-43EC-B73F-4E3DBC571909}.Release|x86.ActiveCfg = Release|Any CPU
		{330E51AD-61DF-43EC-B73F-4E3DBC571909}.Release|x86.Build.0 = Release|Any CPU
		{DE23E8CB-13DC-4D8E-BA45-1EEA25C33F6D}.Debug|Any CPU.ActiveCfg = Debug|Any CPU
		{DE23E8CB-13DC-4D8E-BA45-1EEA25C33F6D}.Debug|Any CPU.Build.0 = Debug|Any CPU
		{DE23E8CB-13DC-4D8E-BA45-1EEA25C33F6D}.Debug|ARM.ActiveCfg = Debug|Any CPU
		{DE23E8CB-13DC-4D8E-BA45-1EEA25C33F6D}.Debug|ARM.Build.0 = Debug|Any CPU
		{DE23E8CB-13DC-4D8E-BA45-1EEA25C33F6D}.Debug|x64.ActiveCfg = Debug|Any CPU
		{DE23E8CB-13DC-4D8E-BA45-1EEA25C33F6D}.Debug|x64.Build.0 = Debug|Any CPU
		{DE23E8CB-13DC-4D8E-BA45-1EEA25C33F6D}.Debug|x86.ActiveCfg = Debug|Any CPU
		{DE23E8CB-13DC-4D8E-BA45-1EEA25C33F6D}.Debug|x86.Build.0 = Debug|Any CPU
		{DE23E8CB-13DC-4D8E-BA45-1EEA25C33F6D}.Release|Any CPU.ActiveCfg = Release|Any CPU
		{DE23E8CB-13DC-4D8E-BA45-1EEA25C33F6D}.Release|Any CPU.Build.0 = Release|Any CPU
		{DE23E8CB-13DC-4D8E-BA45-1EEA25C33F6D}.Release|ARM.ActiveCfg = Release|Any CPU
		{DE23E8CB-13DC-4D8E-BA45-1EEA25C33F6D}.Release|ARM.Build.0 = Release|Any CPU
		{DE23E8CB-13DC-4D8E-BA45-1EEA25C33F6D}.Release|x64.ActiveCfg = Release|Any CPU
		{DE23E8CB-13DC-4D8E-BA45-1EEA25C33F6D}.Release|x64.Build.0 = Release|Any CPU
		{DE23E8CB-13DC-4D8E-BA45-1EEA25C33F6D}.Release|x86.ActiveCfg = Release|Any CPU
		{DE23E8CB-13DC-4D8E-BA45-1EEA25C33F6D}.Release|x86.Build.0 = Release|Any CPU
		{BF00E160-E0B8-44FC-8DFF-F1E1556F0894}.Debug|Any CPU.ActiveCfg = Debug|Any CPU
		{BF00E160-E0B8-44FC-8DFF-F1E1556F0894}.Debug|Any CPU.Build.0 = Debug|Any CPU
		{BF00E160-E0B8-44FC-8DFF-F1E1556F0894}.Debug|ARM.ActiveCfg = Debug|Any CPU
		{BF00E160-E0B8-44FC-8DFF-F1E1556F0894}.Debug|ARM.Build.0 = Debug|Any CPU
		{BF00E160-E0B8-44FC-8DFF-F1E1556F0894}.Debug|x64.ActiveCfg = Debug|Any CPU
		{BF00E160-E0B8-44FC-8DFF-F1E1556F0894}.Debug|x64.Build.0 = Debug|Any CPU
		{BF00E160-E0B8-44FC-8DFF-F1E1556F0894}.Debug|x86.ActiveCfg = Debug|Any CPU
		{BF00E160-E0B8-44FC-8DFF-F1E1556F0894}.Debug|x86.Build.0 = Debug|Any CPU
		{BF00E160-E0B8-44FC-8DFF-F1E1556F0894}.Release|Any CPU.ActiveCfg = Release|Any CPU
		{BF00E160-E0B8-44FC-8DFF-F1E1556F0894}.Release|Any CPU.Build.0 = Release|Any CPU
		{BF00E160-E0B8-44FC-8DFF-F1E1556F0894}.Release|ARM.ActiveCfg = Release|Any CPU
		{BF00E160-E0B8-44FC-8DFF-F1E1556F0894}.Release|ARM.Build.0 = Release|Any CPU
		{BF00E160-E0B8-44FC-8DFF-F1E1556F0894}.Release|x64.ActiveCfg = Release|Any CPU
		{BF00E160-E0B8-44FC-8DFF-F1E1556F0894}.Release|x64.Build.0 = Release|Any CPU
		{BF00E160-E0B8-44FC-8DFF-F1E1556F0894}.Release|x86.ActiveCfg = Release|Any CPU
		{BF00E160-E0B8-44FC-8DFF-F1E1556F0894}.Release|x86.Build.0 = Release|Any CPU
		{56FDA774-D80B-4337-938E-43749CA1560D}.Debug|Any CPU.ActiveCfg = Debug|Any CPU
		{56FDA774-D80B-4337-938E-43749CA1560D}.Debug|Any CPU.Build.0 = Debug|Any CPU
		{56FDA774-D80B-4337-938E-43749CA1560D}.Debug|ARM.ActiveCfg = Debug|Any CPU
		{56FDA774-D80B-4337-938E-43749CA1560D}.Debug|ARM.Build.0 = Debug|Any CPU
		{56FDA774-D80B-4337-938E-43749CA1560D}.Debug|x64.ActiveCfg = Debug|Any CPU
		{56FDA774-D80B-4337-938E-43749CA1560D}.Debug|x64.Build.0 = Debug|Any CPU
		{56FDA774-D80B-4337-938E-43749CA1560D}.Debug|x86.ActiveCfg = Debug|Any CPU
		{56FDA774-D80B-4337-938E-43749CA1560D}.Debug|x86.Build.0 = Debug|Any CPU
		{56FDA774-D80B-4337-938E-43749CA1560D}.Release|Any CPU.ActiveCfg = Release|Any CPU
		{56FDA774-D80B-4337-938E-43749CA1560D}.Release|Any CPU.Build.0 = Release|Any CPU
		{56FDA774-D80B-4337-938E-43749CA1560D}.Release|ARM.ActiveCfg = Release|Any CPU
		{56FDA774-D80B-4337-938E-43749CA1560D}.Release|ARM.Build.0 = Release|Any CPU
		{56FDA774-D80B-4337-938E-43749CA1560D}.Release|x64.ActiveCfg = Release|Any CPU
		{56FDA774-D80B-4337-938E-43749CA1560D}.Release|x64.Build.0 = Release|Any CPU
		{56FDA774-D80B-4337-938E-43749CA1560D}.Release|x86.ActiveCfg = Release|Any CPU
		{56FDA774-D80B-4337-938E-43749CA1560D}.Release|x86.Build.0 = Release|Any CPU
	EndGlobalSection
	GlobalSection(SolutionProperties) = preSolution
		HideSolutionNode = FALSE
	EndGlobalSection
EndGlobal
